
Microsoft Visual Studio Solution File, Format Version 12.00
# Visual Studio Version 17
VisualStudioVersion = 17.14.36301.6 d17.14
MinimumVisualStudioVersion = 10.0.40219.1
Project("{FAE04EC0-301F-11D3-BF4B-00C04F79EFBC}") = "RestBioAspNetCoreSample", "RestBioAspNetCoreSample\RestBioAspNetCoreSample.csproj", "{B96F3180-5AFA-4D51-B8A2-463A614872E8}"
EndProject
Global
	GlobalSection(SolutionConfigurationPlatforms) = preSolution
		Debug|Any CPU = Debug|Any CPU
		Release|Any CPU = Release|Any CPU
	EndGlobalSection
	GlobalSection(ProjectConfigurationPlatforms) = postSolution
		{B96F3180-5AFA-4D51-B8A2-463A614872E8}.Debug|Any CPU.ActiveCfg = Debug|Any CPU
		{B96F3180-5AFA-4D51-B8A2-463A614872E8}.Debug|Any CPU.Build.0 = Debug|Any CPU
		{B96F3180-5AFA-4D51-B8A2-463A614872E8}.Release|Any CPU.ActiveCfg = Release|Any CPU
		{B96F3180-5AFA-4D51-B8A2-463A614872E8}.Release|Any CPU.Build.0 = Release|Any CPU
	EndGlobalSection
	GlobalSection(SolutionProperties) = preSolution
		HideSolutionNode = FALSE
	EndGlobalSection
	GlobalSection(ExtensibilityGlobals) = postSolution
		SolutionGuid = {D8DE5E6A-9199-4AE7-AF5F-E105F14B38C5}
	EndGlobalSection
EndGlobal
